{
  "requires": true,
  "lockfileVersion": 1,
  "dependencies": {
    "serverless-plugin-ifelse": {
      "version": "1.0.1",
      "resolved": "https://registry.npmjs.org/serverless-plugin-ifelse/-/serverless-plugin-ifelse-1.0.1.tgz",
      "integrity": "sha512-mZ9bKUepDsl9gQ3j2gUZ7Gi+EC1irTocazAnMnfRqfjmMyNhnIs0SXC7T5bs7eij1LMZzbYA4MkzQm961sCGlw==",
      "dev": true
    }
  }
}
