{
  "version": 4,
  "terraform_version": "0.12.18",
  "serial": 17,
  "lineage": "31a5486b-95f0-c30e-87fd-a740cf128c77",
  "outputs": {
    "user_table_arn": {
      "value": "arn:aws:dynamodb:ca-central-1:556823078430:table/dev-crunch-ski-userTable",
      "type": "string"
    }
  },
  "resources": [
    {
      "module": "module.cognito",
      "mode": "data",
      "type": "aws_caller_identity",
      "name": "current",
      "provider": "provider.aws",
      "instances": [
        {
          "schema_version": 0,
          "attributes": {
            "account_id": "556823078430",
            "arn": "arn:aws:iam::556823078430:user/sls-admin",
            "id": "2020-01-30 07:49:23.889133 +0000 UTC",
            "user_id": "AIDAIKFHWWCIWMLIT2QXQ"
          }
        }
      ]
    },
    {
      "mode": "data",
      "type": "aws_iam_policy_document",
      "name": "usertable_appsync_policy_doc",
      "provider": "provider.aws",
      "instances": [
        {
          "schema_version": 0,
          "attributes": {
            "id": "2959508530",
            "json": "{\n  \"Version\": \"2012-10-17\",\n  \"Statement\": [\n    {\n      \"Sid\": \"1\",\n      \"Effect\": \"Allow\",\n      \"Action\": [\n        \"dynamodb:UpdateItem\",\n        \"dynamodb:Scan\",\n        \"dynamodb:Query\",\n        \"dynamodb:PutItem\",\n        \"dynamodb:GetItem\",\n        \"dynamodb:DeleteItem\",\n        \"dynamodb:BatchWriteItem\",\n        \"dynamodb:BatchGetItem\"\n      ],\n      \"Resource\": \"arn:aws:dynamodb:ca-central-1:556823078430:table/dev-crunch-ski-userTable\"\n    }\n  ]\n}",
            "override_json": null,
            "policy_id": null,
            "source_json": null,
            "statement": [
              {
                "actions": [
                  "dynamodb:BatchGetItem",
                  "dynamodb:BatchWriteItem",
                  "dynamodb:DeleteItem",
                  "dynamodb:GetItem",
                  "dynamodb:PutItem",
                  "dynamodb:Query",
                  "dynamodb:Scan",
                  "dynamodb:UpdateItem"
                ],
                "condition": [],
                "effect": "Allow",
                "not_actions": [],
                "not_principals": [],
                "not_resources": [],
                "principals": [],
                "resources": [
                  "arn:aws:dynamodb:ca-central-1:556823078430:table/dev-crunch-ski-userTable"
                ],
                "sid": "1"
              }
            ],
            "version": "2012-10-17"
          }
        }
      ]
    },
    {
      "module": "module.cognito",
      "mode": "managed",
      "type": "aws_cognito_user_pool_client",
      "name": "pool-client",
      "provider": "provider.aws",
      "instances": []
    },
    {
      "mode": "managed",
      "type": "aws_dynamodb_table",
      "name": "user_table",
      "provider": "provider.aws",
      "instances": [
        {
          "schema_version": 1,
          "attributes": {
            "arn": "arn:aws:dynamodb:ca-central-1:556823078430:table/dev-crunch-ski-userTable",
            "attribute": [
              {
                "name": "id",
                "type": "S"
              }
            ],
            "billing_mode": "PAY_PER_REQUEST",
            "global_secondary_index": [],
            "hash_key": "id",
            "id": "dev-crunch-ski-userTable",
            "local_secondary_index": [],
            "name": "dev-crunch-ski-userTable",
            "point_in_time_recovery": [
              {
                "enabled": false
              }
            ],
            "range_key": null,
            "read_capacity": 0,
            "server_side_encryption": [],
            "stream_arn": "",
            "stream_enabled": false,
            "stream_label": "",
            "stream_view_type": "",
            "tags": {
              "module": "data",
              "project": "crunch-ski",
              "stage": "dev"
            },
            "timeouts": null,
            "ttl": [
              {
                "attribute_name": "",
                "enabled": false
              }
            ],
            "write_capacity": 0
          },
          "private": "eyJlMmJmYjczMC1lY2FhLTExZTYtOGY4OC0zNDM2M2JjN2M0YzAiOnsiY3JlYXRlIjo2MDAwMDAwMDAwMDAsImRlbGV0ZSI6NjAwMDAwMDAwMDAwLCJ1cGRhdGUiOjM2MDAwMDAwMDAwMDB9LCJzY2hlbWFfdmVyc2lvbiI6IjEifQ=="
        }
      ]
    },
    {
      "mode": "managed",
      "type": "aws_iam_policy",
      "name": "user_table_appsync_access",
      "provider": "provider.aws",
      "instances": [
        {
          "schema_version": 0,
          "attributes": {
            "arn": "arn:aws:iam::556823078430:policy/appsync/user_table_appsync_policy",
            "description": "managed policy to allow AWS AppSync to access the tables created by this template",
            "id": "arn:aws:iam::556823078430:policy/appsync/user_table_appsync_policy",
            "name": "user_table_appsync_policy",
            "name_prefix": null,
            "path": "/appsync/",
            "policy": "{\n  \"Version\": \"2012-10-17\",\n  \"Statement\": [\n    {\n      \"Sid\": \"1\",\n      \"Effect\": \"Allow\",\n      \"Action\": [\n        \"dynamodb:UpdateItem\",\n        \"dynamodb:Scan\",\n        \"dynamodb:Query\",\n        \"dynamodb:PutItem\",\n        \"dynamodb:GetItem\",\n        \"dynamodb:DeleteItem\",\n        \"dynamodb:BatchWriteItem\",\n        \"dynamodb:BatchGetItem\"\n      ],\n      \"Resource\": \"arn:aws:dynamodb:ca-central-1:556823078430:table/dev-crunch-ski-userTable\"\n    }\n  ]\n}"
          },
          "private": "bnVsbA==",
          "dependencies": [
            "aws_dynamodb_table.user_table"
          ]
        }
      ]
    }
  ]
}
